
Microsoft Visual Studio Solution File, Format Version 12.00
# Visual Studio Version 17
VisualStudioVersion = 17.6.33815.320
MinimumVisualStudioVersion = 10.0.40219.1
Project("{9A19103F-16F7-4668-BE54-9A1E7A4F7556}") = "EShop", "EShop\EShop.csproj", "{0430E426-84D7-4E86-A96B-CD87566E09D4}"
EndProject
Project("{2150E333-8FDC-42A3-9474-1A3956D46DE8}") = "Documnets", "Documnets", "{33094E5B-B24E-4297-B712-A957A3067D60}"
	ProjectSection(SolutionItems) = preProject
		EShop\Documents\Use Case.txt = EShop\Documents\Use Case.txt
	EndProjectSection
EndProject
Project("{2150E333-8FDC-42A3-9474-1A3956D46DE8}") = "Src", "Src", "{4CB6FC29-A9FF-4D8F-ACD6-0CA451587EA1}"
EndProject
Project("{2150E333-8FDC-42A3-9474-1A3956D46DE8}") = "01 Domain", "01 Domain", "{B62992D1-0067-4690-A1BE-6029024720F6}"
EndProject
Project("{2150E333-8FDC-42A3-9474-1A3956D46DE8}") = "02 Infrastructres", "02 Infrastructres", "{D19A56AD-96E9-477D-9455-FBFE7A9D9969}"
EndProject
Project("{2150E333-8FDC-42A3-9474-1A3956D46DE8}") = "03 EndPoints", "03 EndPoints", "{F1EFC3D8-41E4-4DC1-BECC-3B79AB9B4109}"
EndProject
Project("{FAE04EC0-301F-11D3-BF4B-00C04F79EFBC}") = "App.Infrastructures.Data.Repositories", "Infrastructures\App.Infrastructures.Data.Repositories\App.Infrastructures.Data.Repositories.csproj", "{84046067-7ACD-4A19-A565-FA173F2E59B7}"
EndProject
Project("{FAE04EC0-301F-11D3-BF4B-00C04F79EFBC}") = "App.Domain.Core", "Domain\App.Domain.Core\App.Domain.Core.csproj", "{507E7C3F-54F1-40CC-8B1A-7165F9B31BD9}"
EndProject
Project("{FAE04EC0-301F-11D3-BF4B-00C04F79EFBC}") = "App.Domain.AppService", "Domain\App.Domain.AppService\App.Domain.AppService.csproj", "{D6B047BE-9D19-428F-A2B1-9425FF5DBF10}"
EndProject
Project("{FAE04EC0-301F-11D3-BF4B-00C04F79EFBC}") = "App.Infrastructures.Db.SqlServer.Ef", "Infrastructures\App.Infrastructures.Db.SqlServer.Ef\App.Infrastructures.Db.SqlServer.Ef.csproj", "{4E70C3A4-29B2-4560-9EA4-CA505E03D0FB}"
EndProject
Global
	GlobalSection(SolutionConfigurationPlatforms) = preSolution
		Debug|Any CPU = Debug|Any CPU
		Release|Any CPU = Release|Any CPU
	EndGlobalSection
	GlobalSection(ProjectConfigurationPlatforms) = postSolution
		{0430E426-84D7-4E86-A96B-CD87566E09D4}.Debug|Any CPU.ActiveCfg = Debug|Any CPU
		{0430E426-84D7-4E86-A96B-CD87566E09D4}.Debug|Any CPU.Build.0 = Debug|Any CPU
		{0430E426-84D7-4E86-A96B-CD87566E09D4}.Release|Any CPU.ActiveCfg = Release|Any CPU
		{0430E426-84D7-4E86-A96B-CD87566E09D4}.Release|Any CPU.Build.0 = Release|Any CPU
		{84046067-7ACD-4A19-A565-FA173F2E59B7}.Debug|Any CPU.ActiveCfg = Debug|Any CPU
		{84046067-7ACD-4A19-A565-FA173F2E59B7}.Debug|Any CPU.Build.0 = Debug|Any CPU
		{84046067-7ACD-4A19-A565-FA173F2E59B7}.Release|Any CPU.ActiveCfg = Release|Any CPU
		{84046067-7ACD-4A19-A565-FA173F2E59B7}.Release|Any CPU.Build.0 = Release|Any CPU
		{507E7C3F-54F1-40CC-8B1A-7165F9B31BD9}.Debug|Any CPU.ActiveCfg = Debug|Any CPU
		{507E7C3F-54F1-40CC-8B1A-7165F9B31BD9}.Debug|Any CPU.Build.0 = Debug|Any CPU
		{507E7C3F-54F1-40CC-8B1A-7165F9B31BD9}.Release|Any CPU.ActiveCfg = Release|Any CPU
		{507E7C3F-54F1-40CC-8B1A-7165F9B31BD9}.Release|Any CPU.Build.0 = Release|Any CPU
		{D6B047BE-9D19-428F-A2B1-9425FF5DBF10}.Debug|Any CPU.ActiveCfg = Debug|Any CPU
		{D6B047BE-9D19-428F-A2B1-9425FF5DBF10}.Debug|Any CPU.Build.0 = Debug|Any CPU
		{D6B047BE-9D19-428F-A2B1-9425FF5DBF10}.Release|Any CPU.ActiveCfg = Release|Any CPU
		{D6B047BE-9D19-428F-A2B1-9425FF5DBF10}.Release|Any CPU.Build.0 = Release|Any CPU
		{4E70C3A4-29B2-4560-9EA4-CA505E03D0FB}.Debug|Any CPU.ActiveCfg = Debug|Any CPU
		{4E70C3A4-29B2-4560-9EA4-CA505E03D0FB}.Debug|Any CPU.Build.0 = Debug|Any CPU
		{4E70C3A4-29B2-4560-9EA4-CA505E03D0FB}.Release|Any CPU.ActiveCfg = Release|Any CPU
		{4E70C3A4-29B2-4560-9EA4-CA505E03D0FB}.Release|Any CPU.Build.0 = Release|Any CPU
	EndGlobalSection
	GlobalSection(SolutionProperties) = preSolution
		HideSolutionNode = FALSE
	EndGlobalSection
	GlobalSection(NestedProjects) = preSolution
		{0430E426-84D7-4E86-A96B-CD87566E09D4} = {F1EFC3D8-41E4-4DC1-BECC-3B79AB9B4109}
		{B62992D1-0067-4690-A1BE-6029024720F6} = {4CB6FC29-A9FF-4D8F-ACD6-0CA451587EA1}
		{D19A56AD-96E9-477D-9455-FBFE7A9D9969} = {4CB6FC29-A9FF-4D8F-ACD6-0CA451587EA1}
		{F1EFC3D8-41E4-4DC1-BECC-3B79AB9B4109} = {4CB6FC29-A9FF-4D8F-ACD6-0CA451587EA1}
		{84046067-7ACD-4A19-A565-FA173F2E59B7} = {D19A56AD-96E9-477D-9455-FBFE7A9D9969}
		{507E7C3F-54F1-40CC-8B1A-7165F9B31BD9} = {B62992D1-0067-4690-A1BE-6029024720F6}
		{D6B047BE-9D19-428F-A2B1-9425FF5DBF10} = {B62992D1-0067-4690-A1BE-6029024720F6}
		{4E70C3A4-29B2-4560-9EA4-CA505E03D0FB} = {D19A56AD-96E9-477D-9455-FBFE7A9D9969}
	EndGlobalSection
	GlobalSection(ExtensibilityGlobals) = postSolution
		SolutionGuid = {82B19488-9AF7-4899-9EB9-6744258423D4}
	EndGlobalSection
EndGlobal
